
Microsoft Visual Studio Solution File, Format Version 12.00
Project("{FAE04EC0-301F-11D3-BF4B-00C04F79EFBC}") = "FutManager", "FutManager\FutManager.csproj", "{869B006F-2045-4442-915B-F447BFA98325}"
EndProject
Project("{FAE04EC0-301F-11D3-BF4B-00C04F79EFBC}") = "Shared", "Shared\Shared.csproj", "{FB176815-F556-4DC6-B3D9-EA55A3827C34}"
EndProject
Project("{FAE04EC0-301F-11D3-BF4B-00C04F79EFBC}") = "GamePlayer", "GamePlayer\GamePlayer.csproj", "{C144015A-C25D-4486-93B4-1653DA262A8E}"
EndProject
Global
	GlobalSection(SolutionConfigurationPlatforms) = preSolution
		Debug|Any CPU = Debug|Any CPU
		Release|Any CPU = Release|Any CPU
	EndGlobalSection
	GlobalSection(ProjectConfigurationPlatforms) = postSolution
		{869B006F-2045-4442-915B-F447BFA98325}.Debug|Any CPU.ActiveCfg = Debug|Any CPU
		{869B006F-2045-4442-915B-F447BFA98325}.Debug|Any CPU.Build.0 = Debug|Any CPU
		{869B006F-2045-4442-915B-F447BFA98325}.Release|Any CPU.ActiveCfg = Release|Any CPU
		{869B006F-2045-4442-915B-F447BFA98325}.Release|Any CPU.Build.0 = Release|Any CPU
		{FB176815-F556-4DC6-B3D9-EA55A3827C34}.Debug|Any CPU.ActiveCfg = Debug|Any CPU
		{FB176815-F556-4DC6-B3D9-EA55A3827C34}.Debug|Any CPU.Build.0 = Debug|Any CPU
		{FB176815-F556-4DC6-B3D9-EA55A3827C34}.Release|Any CPU.ActiveCfg = Release|Any CPU
		{FB176815-F556-4DC6-B3D9-EA55A3827C34}.Release|Any CPU.Build.0 = Release|Any CPU
		{C144015A-C25D-4486-93B4-1653DA262A8E}.Debug|Any CPU.ActiveCfg = Debug|Any CPU
		{C144015A-C25D-4486-93B4-1653DA262A8E}.Debug|Any CPU.Build.0 = Debug|Any CPU
		{C144015A-C25D-4486-93B4-1653DA262A8E}.Release|Any CPU.ActiveCfg = Release|Any CPU
		{C144015A-C25D-4486-93B4-1653DA262A8E}.Release|Any CPU.Build.0 = Release|Any CPU
	EndGlobalSection
EndGlobal
