
Microsoft Visual Studio Solution File, Format Version 12.00
Project("{FAE04EC0-301F-11D3-BF4B-00C04F79EFBC}") = "FutManager", "FutManager\FutManager.csproj", "{869B006F-2045-4442-915B-F447BFA98325}"
EndProject
Project("{FAE04EC0-301F-11D3-BF4B-00C04F79EFBC}") = "GamePlayer", "GamePlayer\GamePlayer.csproj", "{45BD32C1-4F0F-42E3-853B-D352A29FEE17}"
EndProject
Global
	GlobalSection(SolutionConfigurationPlatforms) = preSolution
		Debug|Any CPU = Debug|Any CPU
		Release|Any CPU = Release|Any CPU
	EndGlobalSection
	GlobalSection(ProjectConfigurationPlatforms) = postSolution
		{869B006F-2045-4442-915B-F447BFA98325}.Debug|Any CPU.ActiveCfg = Debug|Any CPU
		{869B006F-2045-4442-915B-F447BFA98325}.Debug|Any CPU.Build.0 = Debug|Any CPU
		{869B006F-2045-4442-915B-F447BFA98325}.Release|Any CPU.ActiveCfg = Release|Any CPU
		{869B006F-2045-4442-915B-F447BFA98325}.Release|Any CPU.Build.0 = Release|Any CPU
		{45BD32C1-4F0F-42E3-853B-D352A29FEE17}.Debug|Any CPU.ActiveCfg = Debug|Any CPU
		{45BD32C1-4F0F-42E3-853B-D352A29FEE17}.Debug|Any CPU.Build.0 = Debug|Any CPU
		{45BD32C1-4F0F-42E3-853B-D352A29FEE17}.Release|Any CPU.ActiveCfg = Release|Any CPU
		{45BD32C1-4F0F-42E3-853B-D352A29FEE17}.Release|Any CPU.Build.0 = Release|Any CPU
	EndGlobalSection
EndGlobal
